// !$*UTF8*$!
{
	archiveVersion = 1;
	classes = {
	};
	objectVersion = 56;
	objects = {

/* Begin PBXBuildFile section */
		025047D72B1A054700AE839F /* AppDelegate.swift in Sources */ = {isa = PBXBuildFile; fileRef = 025047D62B1A054700AE839F /* AppDelegate.swift */; };
		025047D92B1A054700AE839F /* SceneDelegate.swift in Sources */ = {isa = PBXBuildFile; fileRef = 025047D82B1A054700AE839F /* SceneDelegate.swift */; };
		025047DB2B1A054700AE839F /* MainTabBarViewController.swift in Sources */ = {isa = PBXBuildFile; fileRef = 025047DA2B1A054700AE839F /* MainTabBarViewController.swift */; };
		025047E02B1A054700AE839F /* Assets.xcassets in Resources */ = {isa = PBXBuildFile; fileRef = 025047DF2B1A054700AE839F /* Assets.xcassets */; };
		025047E32B1A054700AE839F /* LaunchScreen.storyboard in Resources */ = {isa = PBXBuildFile; fileRef = 025047E12B1A054700AE839F /* LaunchScreen.storyboard */; };
		025047EC2B1A07DC00AE839F /* HomeViewController.swift in Sources */ = {isa = PBXBuildFile; fileRef = 025047EB2B1A07DC00AE839F /* HomeViewController.swift */; };
		025047EE2B1A07E600AE839F /* UpComingViewController.swift in Sources */ = {isa = PBXBuildFile; fileRef = 025047ED2B1A07E600AE839F /* UpComingViewController.swift */; };
		025047F02B1A07FD00AE839F /* SearchViewController.swift in Sources */ = {isa = PBXBuildFile; fileRef = 025047EF2B1A07FD00AE839F /* SearchViewController.swift */; };
		025047F22B1A080F00AE839F /* DownloadsViewController.swift in Sources */ = {isa = PBXBuildFile; fileRef = 025047F12B1A080F00AE839F /* DownloadsViewController.swift */; };
		025047F92B1A1E1800AE839F /* CollectionViewTableViewCell.swift in Sources */ = {isa = PBXBuildFile; fileRef = 025047F82B1A1E1800AE839F /* CollectionViewTableViewCell.swift */; };
		026297982B1A80DD00D7005D /* HeroHeaderUIView.swift in Sources */ = {isa = PBXBuildFile; fileRef = 026297972B1A80DD00D7005D /* HeroHeaderUIView.swift */; };
		026BE8EE2B2B190E00842F01 /* APICaller.swift in Sources */ = {isa = PBXBuildFile; fileRef = 026BE8ED2B2B190E00842F01 /* APICaller.swift */; };
		026BE8F02B2B1C6200842F01 /* Movies.swift in Sources */ = {isa = PBXBuildFile; fileRef = 026BE8EF2B2B1C6200842F01 /* Movies.swift */; };
/* End PBXBuildFile section */

/* Begin PBXFileReference section */
		025047D32B1A054600AE839F /* NetflixClone-ProgrammaticUI.app */ = {isa = PBXFileReference; explicitFileType = wrapper.application; includeInIndex = 0; path = "NetflixClone-ProgrammaticUI.app"; sourceTree = BUILT_PRODUCTS_DIR; };
		025047D62B1A054700AE839F /* AppDelegate.swift */ = {isa = PBXFileReference; lastKnownFileType = sourcecode.swift; path = AppDelegate.swift; sourceTree = "<group>"; };
		025047D82B1A054700AE839F /* SceneDelegate.swift */ = {isa = PBXFileReference; lastKnownFileType = sourcecode.swift; path = SceneDelegate.swift; sourceTree = "<group>"; };
		025047DA2B1A054700AE839F /* MainTabBarViewController.swift */ = {isa = PBXFileReference; lastKnownFileType = sourcecode.swift; path = MainTabBarViewController.swift; sourceTree = "<group>"; };
		025047DF2B1A054700AE839F /* Assets.xcassets */ = {isa = PBXFileReference; lastKnownFileType = folder.assetcatalog; path = Assets.xcassets; sourceTree = "<group>"; };
		025047E22B1A054700AE839F /* Base */ = {isa = PBXFileReference; lastKnownFileType = file.storyboard; name = Base; path = Base.lproj/LaunchScreen.storyboard; sourceTree = "<group>"; };
		025047E42B1A054700AE839F /* Info.plist */ = {isa = PBXFileReference; lastKnownFileType = text.plist.xml; path = Info.plist; sourceTree = "<group>"; };
		025047EB2B1A07DC00AE839F /* HomeViewController.swift */ = {isa = PBXFileReference; lastKnownFileType = sourcecode.swift; path = HomeViewController.swift; sourceTree = "<group>"; };
		025047ED2B1A07E600AE839F /* UpComingViewController.swift */ = {isa = PBXFileReference; lastKnownFileType = sourcecode.swift; path = UpComingViewController.swift; sourceTree = "<group>"; };
		025047EF2B1A07FD00AE839F /* SearchViewController.swift */ = {isa = PBXFileReference; lastKnownFileType = sourcecode.swift; path = SearchViewController.swift; sourceTree = "<group>"; };
		025047F12B1A080F00AE839F /* DownloadsViewController.swift */ = {isa = PBXFileReference; lastKnownFileType = sourcecode.swift; path = DownloadsViewController.swift; sourceTree = "<group>"; };
		025047F82B1A1E1800AE839F /* CollectionViewTableViewCell.swift */ = {isa = PBXFileReference; lastKnownFileType = sourcecode.swift; path = CollectionViewTableViewCell.swift; sourceTree = "<group>"; };
		026297972B1A80DD00D7005D /* HeroHeaderUIView.swift */ = {isa = PBXFileReference; lastKnownFileType = sourcecode.swift; path = HeroHeaderUIView.swift; sourceTree = "<group>"; };
		026BE8ED2B2B190E00842F01 /* APICaller.swift */ = {isa = PBXFileReference; lastKnownFileType = sourcecode.swift; path = APICaller.swift; sourceTree = "<group>"; };
		026BE8EF2B2B1C6200842F01 /* Movies.swift */ = {isa = PBXFileReference; lastKnownFileType = sourcecode.swift; path = Movies.swift; sourceTree = "<group>"; };
/* End PBXFileReference section */

/* Begin PBXFrameworksBuildPhase section */
		025047D02B1A054600AE839F /* Frameworks */ = {
			isa = PBXFrameworksBuildPhase;
			buildActionMask = 2147483647;
			files = (
			);
			runOnlyForDeploymentPostprocessing = 0;
		};
/* End PBXFrameworksBuildPhase section */

/* Begin PBXGroup section */
		025047CA2B1A054600AE839F = {
			isa = PBXGroup;
			children = (
				025047D52B1A054600AE839F /* NetflixClone-ProgrammaticUI */,
				025047D42B1A054600AE839F /* Products */,
			);
			sourceTree = "<group>";
		};
		025047D42B1A054600AE839F /* Products */ = {
			isa = PBXGroup;
			children = (
				025047D32B1A054600AE839F /* NetflixClone-ProgrammaticUI.app */,
			);
			name = Products;
			sourceTree = "<group>";
		};
		025047D52B1A054600AE839F /* NetflixClone-ProgrammaticUI */ = {
			isa = PBXGroup;
			children = (
				025047F72B1A1DE000AE839F /* Resources */,
				025047F62B1A1DD700AE839F /* Managers */,
				025047F52B1A1DCA00AE839F /* ViewModels */,
				025047F42B1A1DC700AE839F /* Models */,
				025047F32B1A1DC400AE839F /* Views */,
				025047EA2B1A079E00AE839F /* Controllers */,
				025047DA2B1A054700AE839F /* MainTabBarViewController.swift */,
				025047DF2B1A054700AE839F /* Assets.xcassets */,
				025047E12B1A054700AE839F /* LaunchScreen.storyboard */,
				025047E42B1A054700AE839F /* Info.plist */,
			);
			path = "NetflixClone-ProgrammaticUI";
			sourceTree = "<group>";
		};
		025047EA2B1A079E00AE839F /* Controllers */ = {
			isa = PBXGroup;
			children = (
				025047EB2B1A07DC00AE839F /* HomeViewController.swift */,
				025047ED2B1A07E600AE839F /* UpComingViewController.swift */,
				025047EF2B1A07FD00AE839F /* SearchViewController.swift */,
				025047F12B1A080F00AE839F /* DownloadsViewController.swift */,
			);
			path = Controllers;
			sourceTree = "<group>";
		};
		025047F32B1A1DC400AE839F /* Views */ = {
			isa = PBXGroup;
			children = (
				025047F82B1A1E1800AE839F /* CollectionViewTableViewCell.swift */,
				026297972B1A80DD00D7005D /* HeroHeaderUIView.swift */,
			);
			path = Views;
			sourceTree = "<group>";
		};
		025047F42B1A1DC700AE839F /* Models */ = {
			isa = PBXGroup;
			children = (
				026BE8EF2B2B1C6200842F01 /* Movies.swift */,
			);
			path = Models;
			sourceTree = "<group>";
		};
		025047F52B1A1DCA00AE839F /* ViewModels */ = {
			isa = PBXGroup;
			children = (
			);
			path = ViewModels;
			sourceTree = "<group>";
		};
		025047F62B1A1DD700AE839F /* Managers */ = {
			isa = PBXGroup;
			children = (
				026BE8ED2B2B190E00842F01 /* APICaller.swift */,
			);
			path = Managers;
			sourceTree = "<group>";
		};
		025047F72B1A1DE000AE839F /* Resources */ = {
			isa = PBXGroup;
			children = (
				025047D62B1A054700AE839F /* AppDelegate.swift */,
				025047D82B1A054700AE839F /* SceneDelegate.swift */,
			);
			path = Resources;
			sourceTree = "<group>";
		};
/* End PBXGroup section */

/* Begin PBXNativeTarget section */
		025047D22B1A054600AE839F /* NetflixClone-ProgrammaticUI */ = {
			isa = PBXNativeTarget;
			buildConfigurationList = 025047E72B1A054700AE839F /* Build configuration list for PBXNativeTarget "NetflixClone-ProgrammaticUI" */;
			buildPhases = (
				025047CF2B1A054600AE839F /* Sources */,
				025047D02B1A054600AE839F /* Frameworks */,
				025047D12B1A054600AE839F /* Resources */,
			);
			buildRules = (
			);
			dependencies = (
			);
			name = "NetflixClone-ProgrammaticUI";
			productName = "NetflixClone-ProgrammaticUI";
			productReference = 025047D32B1A054600AE839F /* NetflixClone-ProgrammaticUI.app */;
			productType = "com.apple.product-type.application";
		};
/* End PBXNativeTarget section */

/* Begin PBXProject section */
		025047CB2B1A054600AE839F /* Project object */ = {
			isa = PBXProject;
			attributes = {
				BuildIndependentTargetsInParallel = 1;
				LastSwiftUpdateCheck = 1500;
				LastUpgradeCheck = 1500;
				TargetAttributes = {
					025047D22B1A054600AE839F = {
						CreatedOnToolsVersion = 15.0.1;
					};
				};
			};
			buildConfigurationList = 025047CE2B1A054600AE839F /* Build configuration list for PBXProject "NetflixClone-ProgrammaticUI" */;
			compatibilityVersion = "Xcode 14.0";
			developmentRegion = en;
			hasScannedForEncodings = 0;
			knownRegions = (
				en,
				Base,
			);
			mainGroup = 025047CA2B1A054600AE839F;
			productRefGroup = 025047D42B1A054600AE839F /* Products */;
			projectDirPath = "";
			projectRoot = "";
			targets = (
				025047D22B1A054600AE839F /* NetflixClone-ProgrammaticUI */,
			);
		};
/* End PBXProject section */

/* Begin PBXResourcesBuildPhase section */
		025047D12B1A054600AE839F /* Resources */ = {
			isa = PBXResourcesBuildPhase;
			buildActionMask = 2147483647;
			files = (
				025047E32B1A054700AE839F /* LaunchScreen.storyboard in Resources */,
				025047E02B1A054700AE839F /* Assets.xcassets in Resources */,
			);
			runOnlyForDeploymentPostprocessing = 0;
		};
/* End PBXResourcesBuildPhase section */

/* Begin PBXSourcesBuildPhase section */
		025047CF2B1A054600AE839F /* Sources */ = {
			isa = PBXSourcesBuildPhase;
			buildActionMask = 2147483647;
			files = (
				026BE8F02B2B1C6200842F01 /* Movies.swift in Sources */,
				025047F02B1A07FD00AE839F /* SearchViewController.swift in Sources */,
				025047DB2B1A054700AE839F /* MainTabBarViewController.swift in Sources */,
				025047F92B1A1E1800AE839F /* CollectionViewTableViewCell.swift in Sources */,
				026BE8EE2B2B190E00842F01 /* APICaller.swift in Sources */,
				026297982B1A80DD00D7005D /* HeroHeaderUIView.swift in Sources */,
				025047F22B1A080F00AE839F /* DownloadsViewController.swift in Sources */,
				025047D72B1A054700AE839F /* AppDelegate.swift in Sources */,
				025047EE2B1A07E600AE839F /* UpComingViewController.swift in Sources */,
				025047D92B1A054700AE839F /* SceneDelegate.swift in Sources */,
				025047EC2B1A07DC00AE839F /* HomeViewController.swift in Sources */,
			);
			runOnlyForDeploymentPostprocessing = 0;
		};
/* End PBXSourcesBuildPhase section */

/* Begin PBXVariantGroup section */
		025047E12B1A054700AE839F /* LaunchScreen.storyboard */ = {
			isa = PBXVariantGroup;
			children = (
				025047E22B1A054700AE839F /* Base */,
			);
			name = LaunchScreen.storyboard;
			sourceTree = "<group>";
		};
/* End PBXVariantGroup section */

/* Begin XCBuildConfiguration section */
		025047E52B1A054700AE839F /* Debug */ = {
			isa = XCBuildConfiguration;
			buildSettings = {
				ALWAYS_SEARCH_USER_PATHS = NO;
				ASSETCATALOG_COMPILER_GENERATE_SWIFT_ASSET_SYMBOL_EXTENSIONS = YES;
				CLANG_ANALYZER_NONNULL = YES;
				CLANG_ANALYZER_NUMBER_OBJECT_CONVERSION = YES_AGGRESSIVE;
				CLANG_CXX_LANGUAGE_STANDARD = "gnu++20";
				CLANG_ENABLE_MODULES = YES;
				CLANG_ENABLE_OBJC_ARC = YES;
				CLANG_ENABLE_OBJC_WEAK = YES;
				CLANG_WARN_BLOCK_CAPTURE_AUTORELEASING = YES;
				CLANG_WARN_BOOL_CONVERSION = YES;
				CLANG_WARN_COMMA = YES;
				CLANG_WARN_CONSTANT_CONVERSION = YES;
				CLANG_WARN_DEPRECATED_OBJC_IMPLEMENTATIONS = YES;
				CLANG_WARN_DIRECT_OBJC_ISA_USAGE = YES_ERROR;
				CLANG_WARN_DOCUMENTATION_COMMENTS = YES;
				CLANG_WARN_EMPTY_BODY = YES;
				CLANG_WARN_ENUM_CONVERSION = YES;
				CLANG_WARN_INFINITE_RECURSION = YES;
				CLANG_WARN_INT_CONVERSION = YES;
				CLANG_WARN_NON_LITERAL_NULL_CONVERSION = YES;
				CLANG_WARN_OBJC_IMPLICIT_RETAIN_SELF = YES;
				CLANG_WARN_OBJC_LITERAL_CONVERSION = YES;
				CLANG_WARN_OBJC_ROOT_CLASS = YES_ERROR;
				CLANG_WARN_QUOTED_INCLUDE_IN_FRAMEWORK_HEADER = YES;
				CLANG_WARN_RANGE_LOOP_ANALYSIS = YES;
				CLANG_WARN_STRICT_PROTOTYPES = YES;
				CLANG_WARN_SUSPICIOUS_MOVE = YES;
				CLANG_WARN_UNGUARDED_AVAILABILITY = YES_AGGRESSIVE;
				CLANG_WARN_UNREACHABLE_CODE = YES;
				CLANG_WARN__DUPLICATE_METHOD_MATCH = YES;
				COPY_PHASE_STRIP = NO;
				DEBUG_INFORMATION_FORMAT = dwarf;
				ENABLE_STRICT_OBJC_MSGSEND = YES;
				ENABLE_TESTABILITY = YES;
				ENABLE_USER_SCRIPT_SANDBOXING = YES;
				GCC_C_LANGUAGE_STANDARD = gnu17;
				GCC_DYNAMIC_NO_PIC = NO;
				GCC_NO_COMMON_BLOCKS = YES;
				GCC_OPTIMIZATION_LEVEL = 0;
				GCC_PREPROCESSOR_DEFINITIONS = (
					"DEBUG=1",
					"$(inherited)",
				);
				GCC_WARN_64_TO_32_BIT_CONVERSION = YES;
				GCC_WARN_ABOUT_RETURN_TYPE = YES_ERROR;
				GCC_WARN_UNDECLARED_SELECTOR = YES;
				GCC_WARN_UNINITIALIZED_AUTOS = YES_AGGRESSIVE;
				GCC_WARN_UNUSED_FUNCTION = YES;
				GCC_WARN_UNUSED_VARIABLE = YES;
				IPHONEOS_DEPLOYMENT_TARGET = 17.0;
				LOCALIZATION_PREFERS_STRING_CATALOGS = YES;
				MTL_ENABLE_DEBUG_INFO = INCLUDE_SOURCE;
				MTL_FAST_MATH = YES;
				ONLY_ACTIVE_ARCH = YES;
				SDKROOT = iphoneos;
				SWIFT_ACTIVE_COMPILATION_CONDITIONS = "DEBUG $(inherited)";
				SWIFT_OPTIMIZATION_LEVEL = "-Onone";
			};
			name = Debug;
		};
		025047E62B1A054700AE839F /* Release */ = {
			isa = XCBuildConfiguration;
			buildSettings = {
				ALWAYS_SEARCH_USER_PATHS = NO;
				ASSETCATALOG_COMPILER_GENERATE_SWIFT_ASSET_SYMBOL_EXTENSIONS = YES;
				CLANG_ANALYZER_NONNULL = YES;
				CLANG_ANALYZER_NUMBER_OBJECT_CONVERSION = YES_AGGRESSIVE;
				CLANG_CXX_LANGUAGE_STANDARD = "gnu++20";
				CLANG_ENABLE_MODULES = YES;
				CLANG_ENABLE_OBJC_ARC = YES;
				CLANG_ENABLE_OBJC_WEAK = YES;
				CLANG_WARN_BLOCK_CAPTURE_AUTORELEASING = YES;
				CLANG_WARN_BOOL_CONVERSION = YES;
				CLANG_WARN_COMMA = YES;
				CLANG_WARN_CONSTANT_CONVERSION = YES;
				CLANG_WARN_DEPRECATED_OBJC_IMPLEMENTATIONS = YES;
				CLANG_WARN_DIRECT_OBJC_ISA_USAGE = YES_ERROR;
				CLANG_WARN_DOCUMENTATION_COMMENTS = YES;
				CLANG_WARN_EMPTY_BODY = YES;
				CLANG_WARN_ENUM_CONVERSION = YES;
				CLANG_WARN_INFINITE_RECURSION = YES;
				CLANG_WARN_INT_CONVERSION = YES;
				CLANG_WARN_NON_LITERAL_NULL_CONVERSION = YES;
				CLANG_WARN_OBJC_IMPLICIT_RETAIN_SELF = YES;
				CLANG_WARN_OBJC_LITERAL_CONVERSION = YES;
				CLANG_WARN_OBJC_ROOT_CLASS = YES_ERROR;
				CLANG_WARN_QUOTED_INCLUDE_IN_FRAMEWORK_HEADER = YES;
				CLANG_WARN_RANGE_LOOP_ANALYSIS = YES;
				CLANG_WARN_STRICT_PROTOTYPES = YES;
				CLANG_WARN_SUSPICIOUS_MOVE = YES;
				CLANG_WARN_UNGUARDED_AVAILABILITY = YES_AGGRESSIVE;
				CLANG_WARN_UNREACHABLE_CODE = YES;
				CLANG_WARN__DUPLICATE_METHOD_MATCH = YES;
				COPY_PHASE_STRIP = NO;
				DEBUG_INFORMATION_FORMAT = "dwarf-with-dsym";
				ENABLE_NS_ASSERTIONS = NO;
				ENABLE_STRICT_OBJC_MSGSEND = YES;
				ENABLE_USER_SCRIPT_SANDBOXING = YES;
				GCC_C_LANGUAGE_STANDARD = gnu17;
				GCC_NO_COMMON_BLOCKS = YES;
				GCC_WARN_64_TO_32_BIT_CONVERSION = YES;
				GCC_WARN_ABOUT_RETURN_TYPE = YES_ERROR;
				GCC_WARN_UNDECLARED_SELECTOR = YES;
				GCC_WARN_UNINITIALIZED_AUTOS = YES_AGGRESSIVE;
				GCC_WARN_UNUSED_FUNCTION = YES;
				GCC_WARN_UNUSED_VARIABLE = YES;
				IPHONEOS_DEPLOYMENT_TARGET = 17.0;
				LOCALIZATION_PREFERS_STRING_CATALOGS = YES;
				MTL_ENABLE_DEBUG_INFO = NO;
				MTL_FAST_MATH = YES;
				SDKROOT = iphoneos;
				SWIFT_COMPILATION_MODE = wholemodule;
				VALIDATE_PRODUCT = YES;
			};
			name = Release;
		};
		025047E82B1A054700AE839F /* Debug */ = {
			isa = XCBuildConfiguration;
			buildSettings = {
				ASSETCATALOG_COMPILER_APPICON_NAME = AppIcon;
				ASSETCATALOG_COMPILER_GLOBAL_ACCENT_COLOR_NAME = AccentColor;
				CODE_SIGN_STYLE = Automatic;
				CURRENT_PROJECT_VERSION = 1;
				DEVELOPMENT_TEAM = XS5B289466;
				GENERATE_INFOPLIST_FILE = YES;
				INFOPLIST_FILE = "NetflixClone-ProgrammaticUI/Info.plist";
				INFOPLIST_KEY_UIApplicationSupportsIndirectInputEvents = YES;
				INFOPLIST_KEY_UILaunchStoryboardName = LaunchScreen;
				INFOPLIST_KEY_UISupportedInterfaceOrientations_iPad = "UIInterfaceOrientationPortrait UIInterfaceOrientationPortraitUpsideDown UIInterfaceOrientationLandscapeLeft UIInterfaceOrientationLandscapeRight";
				INFOPLIST_KEY_UISupportedInterfaceOrientations_iPhone = "UIInterfaceOrientationPortrait UIInterfaceOrientationLandscapeLeft UIInterfaceOrientationLandscapeRight";
				IPHONEOS_DEPLOYMENT_TARGET = 13.0;
				LD_RUNPATH_SEARCH_PATHS = (
					"$(inherited)",
					"@executable_path/Frameworks",
				);
				MARKETING_VERSION = 1.0;
				PRODUCT_BUNDLE_IDENTIFIER = "com.ffk.NetflixClone-ProgrammaticUI";
				PRODUCT_NAME = "$(TARGET_NAME)";
				SWIFT_EMIT_LOC_STRINGS = YES;
				SWIFT_VERSION = 5.0;
				TARGETED_DEVICE_FAMILY = "1,2";
			};
			name = Debug;
		};
		025047E92B1A054700AE839F /* Release */ = {
			isa = XCBuildConfiguration;
			buildSettings = {
				ASSETCATALOG_COMPILER_APPICON_NAME = AppIcon;
				ASSETCATALOG_COMPILER_GLOBAL_ACCENT_COLOR_NAME = AccentColor;
				CODE_SIGN_STYLE = Automatic;
				CURRENT_PROJECT_VERSION = 1;
				DEVELOPMENT_TEAM = XS5B289466;
				GENERATE_INFOPLIST_FILE = YES;
				INFOPLIST_FILE = "NetflixClone-ProgrammaticUI/Info.plist";
				INFOPLIST_KEY_UIApplicationSupportsIndirectInputEvents = YES;
				INFOPLIST_KEY_UILaunchStoryboardName = LaunchScreen;
				INFOPLIST_KEY_UISupportedInterfaceOrientations_iPad = "UIInterfaceOrientationPortrait UIInterfaceOrientationPortraitUpsideDown UIInterfaceOrientationLandscapeLeft UIInterfaceOrientationLandscapeRight";
				INFOPLIST_KEY_UISupportedInterfaceOrientations_iPhone = "UIInterfaceOrientationPortrait UIInterfaceOrientationLandscapeLeft UIInterfaceOrientationLandscapeRight";
				IPHONEOS_DEPLOYMENT_TARGET = 13.0;
				LD_RUNPATH_SEARCH_PATHS = (
					"$(inherited)",
					"@executable_path/Frameworks",
				);
				MARKETING_VERSION = 1.0;
				PRODUCT_BUNDLE_IDENTIFIER = "com.ffk.NetflixClone-ProgrammaticUI";
				PRODUCT_NAME = "$(TARGET_NAME)";
				SWIFT_EMIT_LOC_STRINGS = YES;
				SWIFT_VERSION = 5.0;
				TARGETED_DEVICE_FAMILY = "1,2";
			};
			name = Release;
		};
/* End XCBuildConfiguration section */

/* Begin XCConfigurationList section */
		025047CE2B1A054600AE839F /* Build configuration list for PBXProject "NetflixClone-ProgrammaticUI" */ = {
			isa = XCConfigurationList;
			buildConfigurations = (
				025047E52B1A054700AE839F /* Debug */,
				025047E62B1A054700AE839F /* Release */,
			);
			defaultConfigurationIsVisible = 0;
			defaultConfigurationName = Release;
		};
		025047E72B1A054700AE839F /* Build configuration list for PBXNativeTarget "NetflixClone-ProgrammaticUI" */ = {
			isa = XCConfigurationList;
			buildConfigurations = (
				025047E82B1A054700AE839F /* Debug */,
				025047E92B1A054700AE839F /* Release */,
			);
			defaultConfigurationIsVisible = 0;
			defaultConfigurationName = Release;
		};
/* End XCConfigurationList section */
	};
	rootObject = 025047CB2B1A054600AE839F /* Project object */;
}
